
Microsoft Visual Studio Solution File, Format Version 12.00
# Visual Studio Version 16
VisualStudioVersion = 16.0.28803.202
MinimumVisualStudioVersion = 10.0.40219.1
Project("{FAE04EC0-301F-11D3-BF4B-00C04F79EFBC}") = "TodoApi", "TodoApi\TodoApi.csproj", "{3D6CBFEA-1BFB-4BF1-87CD-94202218C006}"
EndProject
Global
	GlobalSection(SolutionConfigurationPlatforms) = preSolution
		Debug|Any CPU = Debug|Any CPU
		Release|Any CPU = Release|Any CPU
	EndGlobalSection
	GlobalSection(ProjectConfigurationPlatforms) = postSolution
		{3D6CBFEA-1BFB-4BF1-87CD-94202218C006}.Debug|Any CPU.ActiveCfg = Debug|Any CPU
		{3D6CBFEA-1BFB-4BF1-87CD-94202218C006}.Debug|Any CPU.Build.0 = Debug|Any CPU
		{3D6CBFEA-1BFB-4BF1-87CD-94202218C006}.Release|Any CPU.ActiveCfg = Release|Any CPU
		{3D6CBFEA-1BFB-4BF1-87CD-94202218C006}.Release|Any CPU.Build.0 = Release|Any CPU
	EndGlobalSection
	GlobalSection(SolutionProperties) = preSolution
		HideSolutionNode = FALSE
	EndGlobalSection
	GlobalSection(ExtensibilityGlobals) = postSolution
		SolutionGuid = {E28D7CAE-E668-4810-8167-41BEC4C99D77}
	EndGlobalSection
EndGlobal
